
Microsoft Visual Studio Solution File, Format Version 12.00
# Visual Studio Version 17
VisualStudioVersion = 17.9.34616.47
MinimumVisualStudioVersion = 10.0.40219.1
Project("{FAE04EC0-301F-11D3-BF4B-00C04F79EFBC}") = "GUI", "GUI\GUI.csproj", "{B28916CB-94D5-42F1-877F-C77959D3F096}"
EndProject
Global
	GlobalSection(SolutionConfigurationPlatforms) = preSolution
		Debug|Any CPU = Debug|Any CPU
		Release|Any CPU = Release|Any CPU
	EndGlobalSection
	GlobalSection(ProjectConfigurationPlatforms) = postSolution
		{B28916CB-94D5-42F1-877F-C77959D3F096}.Debug|Any CPU.ActiveCfg = Debug|Any CPU
		{B28916CB-94D5-42F1-877F-C77959D3F096}.Debug|Any CPU.Build.0 = Debug|Any CPU
		{B28916CB-94D5-42F1-877F-C77959D3F096}.Release|Any CPU.ActiveCfg = Release|Any CPU
		{B28916CB-94D5-42F1-877F-C77959D3F096}.Release|Any CPU.Build.0 = Release|Any CPU
	EndGlobalSection
	GlobalSection(SolutionProperties) = preSolution
		HideSolutionNode = FALSE
	EndGlobalSection
	GlobalSection(ExtensibilityGlobals) = postSolution
		SolutionGuid = {4CB2F347-6431-4DCD-B298-203892606A4E}
	EndGlobalSection
EndGlobal
